{
  "version": 4,
  "terraform_version": "1.3.9",
  "serial": 9,
  "lineage": "50e1b241-ce5a-c394-6333-e69680c01622",
  "outputs": {},
  "resources": [
    {
      "mode": "managed",
      "type": "newrelic_one_dashboard",
      "name": "exampledash",
      "provider": "provider[\"registry.terraform.io/newrelic/newrelic\"]",
      "instances": [
        {
          "schema_version": 0,
          "attributes": {
            "account_id": 3931862,
            "description": null,
            "guid": "MzkzMTg2MnxWSVp8REFTSEJPQVJEfGRhOjQxMjYxMDM",
            "id": "MzkzMTg2MnxWSVp8REFTSEJPQVJEfGRhOjQxMjYxMDM",
            "name": "New Relic Terraform Example1",
            "page": [
              {
                "description": "",
                "guid": "MzkzMTg2MnxWSVp8REFTSEJPQVJEfDExNDI3OTI5",
                "name": "New Relic Terraform Example",
                "widget_area": [],
                "widget_bar": [
                  {
                    "colors": [],
                    "column": 7,
                    "facet_show_other_series": false,
                    "filter_current_dashboard": false,
                    "height": 3,
                    "id": "169208103",
                    "ignore_time_range": false,
                    "legend_enabled": true,
                    "linked_entity_guids": [
                      "abc123"
                    ],
                    "nrql_query": [
                      {
                        "account_id": 12345,
                        "query": "FROM Transaction SELECT average(duration) FACET appName"
                      }
                    ],
                    "null_values": [],
                    "row": 1,
                    "title": "Average transaction duration, by application",
                    "units": [],
                    "width": 6,
                    "y_axis_left_max": 0,
                    "y_axis_left_min": 0
                  },
                  {
                    "colors": [
                      {
                        "color": "#722727",
                        "series_overrides": [
                          {
                            "color": "#722322",
                            "series_name": "Node"
                          },
                          {
                            "color": "#236f70",
                            "series_name": "Java"
                          }
                        ]
                      }
                    ],
                    "column": 1,
                    "facet_show_other_series": false,
                    "filter_current_dashboard": true,
                    "height": 3,
                    "id": "",
                    "ignore_time_range": false,
                    "legend_enabled": true,
                    "linked_entity_guids": [
                      "MzkzMTg2MnxWSVp8REFTSEJPQVJEfDExNDI3OTI5"
                    ],
                    "nrql_query": [
                      {
                        "account_id": 12345,
                        "query": "FROM Transaction SELECT average(duration) FACET appName"
                      }
                    ],
                    "null_values": [],
                    "row": 4,
                    "title": "Average transaction duration, by application",
                    "units": [],
                    "width": 6,
                    "y_axis_left_max": 0,
                    "y_axis_left_min": 0
                  }
                ],
                "widget_billboard": [
                  {
                    "colors": [],
                    "column": 1,
                    "critical": "",
                    "facet_show_other_series": false,
                    "height": 3,
                    "id": "169207119",
                    "ignore_time_range": false,
                    "legend_enabled": true,
                    "nrql_query": [
                      {
                        "account_id": 3931862,
                        "query": "FROM Transaction SELECT rate(count(*), 1 minute)"
                      }
                    ],
                    "null_values": [],
                    "row": 1,
                    "title": "Requests per minute",
                    "units": [],
                    "warning": "",
                    "width": 6,
                    "y_axis_left_max": 0,
                    "y_axis_left_min": 0
                  }
                ],
                "widget_bullet": [],
                "widget_funnel": [],
                "widget_heatmap": [],
                "widget_histogram": [],
                "widget_json": [],
                "widget_line": [
                  {
                    "colors": [],
                    "column": 7,
                    "facet_show_other_series": false,
                    "height": 3,
                    "id": "",
                    "ignore_time_range": false,
                    "legend_enabled": true,
                    "nrql_query": [
                      {
                        "account_id": 12345,
                        "query": "FROM Transaction select max(duration) as 'max duration' where httpResponseCode = '504' timeseries since 5 minutes ago"
                      },
                      {
                        "account_id": 0,
                        "query": "FROM Transaction SELECT rate(count(*), 1 minute)"
                      }
                    ],
                    "null_values": [],
                    "row": 4,
                    "title": "Average transaction duration and the request per minute, by application",
                    "units": [
                      {
                        "series_overrides": [
                          {
                            "series_name": "max duration",
                            "unit": "ms"
                          }
                        ],
                        "unit": "ms"
                      }
                    ],
                    "width": 6,
                    "y_axis_left_max": 1,
                    "y_axis_left_min": 0,
                    "y_axis_left_zero": true
                  },
                  {
                    "colors": [],
                    "column": 5,
                    "facet_show_other_series": false,
                    "height": 3,
                    "id": "",
                    "ignore_time_range": false,
                    "legend_enabled": true,
                    "nrql_query": [
                      {
                        "account_id": 0,
                        "query": "SELECT average(cpuSystemPercent), average(cpuUserPercent), average(cpuIdlePercent), average(cpuIOWaitPercent) FROM SystemSample  SINCE 1 hour ago TIMESERIES\r\n"
                      }
                    ],
                    "null_values": [
                      {
                        "null_value": "default",
                        "series_overrides": [
                          {
                            "null_value": "remove",
                            "series_name": "Avg Cpu User Percent"
                          },
                          {
                            "null_value": "zero",
                            "series_name": "Avg Cpu Idle Percent"
                          },
                          {
                            "null_value": "default",
                            "series_name": "Avg Cpu IO Wait Percent"
                          },
                          {
                            "null_value": "preserve",
                            "series_name": "Avg Cpu System Percent"
                          }
                        ]
                      }
                    ],
                    "row": 1,
                    "title": "Overall CPU % Statistics",
                    "units": [],
                    "width": 4,
                    "y_axis_left_max": 0,
                    "y_axis_left_min": 0,
                    "y_axis_left_zero": true
                  }
                ],
                "widget_log_table": [],
                "widget_markdown": [
                  {
                    "colors": [],
                    "column": 1,
                    "facet_show_other_series": false,
                    "height": 3,
                    "id": "",
                    "ignore_time_range": false,
                    "legend_enabled": true,
                    "null_values": [],
                    "row": 7,
                    "text": "### Helpful Links\n\n* [New Relic One](https://one.newrelic.com)\n* [Developer Portal](https://developer.newrelic.com)",
                    "title": "Dashboard Note",
                    "units": [],
                    "width": 12,
                    "y_axis_left_max": 0,
                    "y_axis_left_min": 0
                  }
                ],
                "widget_pie": [],
                "widget_stacked_bar": [],
                "widget_table": []
              }
            ],
            "permalink": "https://one.newrelic.com/redirect/entity/MzkzMTg2MnxWSVp8REFTSEJPQVJEfGRhOjQxMjYxMDM",
            "permissions": "public_read_only",
            "variable": [
              {
                "default_values": [
                  "value"
                ],
                "is_multi_selection": true,
                "item": [
                  {
                    "title": "item",
                    "value": "ITEM"
                  }
                ],
                "name": "variable",
                "nrql_query": [
                  {
                    "account_ids": [
                      12345
                    ],
                    "query": "FROM Transaction SELECT average(duration) FACET appName"
                  }
                ],
                "replacement_strategy": "default",
                "title": "title",
                "type": "nrql"
              }
            ]
          },
          "sensitive_attributes": [],
          "private": "bnVsbA=="
        }
      ]
    }
  ],
  "check_results": null
}
