{
  "version": 4,
  "terraform_version": "1.3.9",
  "serial": 27,
  "lineage": "89eb1f80-3fcd-4399-c6d4-1c6caa1e65f8",
  "outputs": {},
  "resources": [
    {
      "module": "module.monitor002",
      "mode": "managed",
      "type": "newrelic_synthetics_script_monitor",
      "name": "monitor006",
      "provider": "module.monitor002.provider[\"registry.terraform.io/newrelic/newrelic\"]",
      "instances": [
        {
          "index_key": "monitor001",
          "schema_version": 0,
          "attributes": {
            "account_id": 3931862,
            "device_orientation": null,
            "device_type": null,
            "enable_screenshot_on_failure_and_script": null,
            "guid": "MzkzMTg2MnxTWU5USHxNT05JVE9SfDFjZjMyYjYwLWZmZTEtNGNlYy1hM2U4LWQ1ODBlMzhiZWEyYg",
            "id": "MzkzMTg2MnxTWU5USHxNT05JVE9SfDFjZjMyYjYwLWZmZTEtNGNlYy1hM2U4LWQ1ODBlMzhiZWEyYg",
            "location_private": [],
            "locations_public": [
              "AP_EAST_1",
              "AP_SOUTH_1"
            ],
            "name": "script_monitor1",
            "period": "EVERY_6_HOURS",
            "period_in_minutes": 360,
            "runtime_type": "NODE_API",
            "runtime_type_version": "16.10",
            "script": "file('./jsfile/1st.js')",
            "script_language": "JAVASCRIPT",
            "status": "ENABLED",
            "tag": [],
            "type": "SCRIPT_API"
          },
          "sensitive_attributes": [],
          "private": "bnVsbA=="
        },
        {
          "index_key": "monitor002",
          "schema_version": 0,
          "attributes": {
            "account_id": 3931862,
            "device_orientation": null,
            "device_type": null,
            "enable_screenshot_on_failure_and_script": null,
            "guid": "MzkzMTg2MnxTWU5USHxNT05JVE9SfGIwYTUwYmY4LWMwYzgtNDVhYy04OWVhLTgwNzZjZjBkZmI3ZQ",
            "id": "MzkzMTg2MnxTWU5USHxNT05JVE9SfGIwYTUwYmY4LWMwYzgtNDVhYy04OWVhLTgwNzZjZjBkZmI3ZQ",
            "location_private": [],
            "locations_public": [
              "AP_EAST_1",
              "AP_SOUTH_1"
            ],
            "name": "script_monitor2",
            "period": "EVERY_6_HOURS",
            "period_in_minutes": 360,
            "runtime_type": "NODE_API",
            "runtime_type_version": "16.10",
            "script": "file('./jsfile/2nd.js')",
            "script_language": "JAVASCRIPT",
            "status": "ENABLED",
            "tag": [],
            "type": "SCRIPT_API"
          },
          "sensitive_attributes": [],
          "private": "bnVsbA=="
        }
      ]
    },
    {
      "module": "module.monitor002",
      "mode": "managed",
      "type": "newrelic_synthetics_script_monitor",
      "name": "monitor007",
      "provider": "module.monitor002.provider[\"registry.terraform.io/newrelic/newrelic\"]",
      "instances": [
        {
          "index_key": "monitor003",
          "schema_version": 0,
          "attributes": {
            "account_id": 3931862,
            "device_orientation": null,
            "device_type": null,
            "enable_screenshot_on_failure_and_script": false,
            "guid": "MzkzMTg2MnxTWU5USHxNT05JVE9SfGM1YzJhYmU4LTNjMTktNDZiOC04MjY5LWIwNWFmMzQ2NjA4NA",
            "id": "MzkzMTg2MnxTWU5USHxNT05JVE9SfGM1YzJhYmU4LTNjMTktNDZiOC04MjY5LWIwNWFmMzQ2NjA4NA",
            "location_private": [],
            "locations_public": [
              "AP_EAST_1",
              "AP_SOUTH_1"
            ],
            "name": "script_monitor3",
            "period": "EVERY_6_HOURS",
            "period_in_minutes": 360,
            "runtime_type": "NODE_API",
            "runtime_type_version": "16.10",
            "script": "file('./jsfile/1st.js')",
            "script_language": "JAVASCRIPT",
            "status": "ENABLED",
            "tag": [
              {
                "key": "some_key",
                "values": [
                  "some_value"
                ]
              }
            ],
            "type": "SCRIPT_API"
          },
          "sensitive_attributes": [],
          "private": "bnVsbA=="
        },
        {
          "index_key": "monitor004",
          "schema_version": 0,
          "attributes": {
            "account_id": 3931862,
            "device_orientation": null,
            "device_type": null,
            "enable_screenshot_on_failure_and_script": false,
            "guid": "MzkzMTg2MnxTWU5USHxNT05JVE9SfGJkOGM4YmFjLThjYzEtNDg5OS1iYTcyLTEzZThjYzQzMWM0MQ",
            "id": "MzkzMTg2MnxTWU5USHxNT05JVE9SfGJkOGM4YmFjLThjYzEtNDg5OS1iYTcyLTEzZThjYzQzMWM0MQ",
            "location_private": [],
            "locations_public": [
              "AP_EAST_1",
              "AP_SOUTH_1"
            ],
            "name": "script_monitor4",
            "period": "EVERY_6_HOURS",
            "period_in_minutes": 360,
            "runtime_type": "NODE_API",
            "runtime_type_version": "16.10",
            "script": "file('./jsfile/2nd.js')",
            "script_language": "JAVASCRIPT",
            "status": "ENABLED",
            "tag": [
              {
                "key": "some_key",
                "values": [
                  "some_value"
                ]
              }
            ],
            "type": "SCRIPT_API"
          },
          "sensitive_attributes": [],
          "private": "bnVsbA=="
        }
      ]
    }
  ],
  "check_results": null
}
