{
  "version": 4,
  "terraform_version": "1.3.9",
  "serial": 17,
  "lineage": "89eb1f80-3fcd-4399-c6d4-1c6caa1e65f8",
  "outputs": {},
  "resources": [
    {
      "module": "module.monitor002",
      "mode": "managed",
      "type": "newrelic_synthetics_script_monitor",
      "name": "monitor006",
      "provider": "provider[\"registry.terraform.io/newrelic/newrelic\"]",
      "instances": [
        {
          "index_key": "monitor001",
          "schema_version": 0,
          "attributes": {
            "account_id": 3931862,
            "device_orientation": null,
            "device_type": null,
            "enable_screenshot_on_failure_and_script": null,
            "guid": "MzkzMTg2MnxTWU5USHxNT05JVE9SfGE1YThmN2M3LTUwOTQtNDM3NS1hNjdkLWQ2ZDQxMGIzOTQ5Yg",
            "id": "MzkzMTg2MnxTWU5USHxNT05JVE9SfGE1YThmN2M3LTUwOTQtNDM3NS1hNjdkLWQ2ZDQxMGIzOTQ5Yg",
            "location_private": [],
            "locations_public": [
              "AP_EAST_1",
              "AP_SOUTH_1"
            ],
            "name": "script_monitor1",
            "period": "EVERY_6_HOURS",
            "period_in_minutes": 360,
            "runtime_type": "NODE_API",
            "runtime_type_version": "16.10",
            "script": "// Write a program to check if a person is eligible for voting? \r\n// Prompt user to provide his age and check if he is eligible for voting or not and show the message accordingly. \r\n\r\n\r\n// Prompt the user to enter their age\r\nvar age = prompt(\"Enter your age: \");\r\n\r\n  // Check if the person is eligible to vote\r\n  if (age \u003e= 18) {\r\n    console.log(\"You are eligible to vote!\");\r\n  } else {\r\n    console.log(\"You are not eligible to vote yet.\");\r\n  }\r\n\r\n",
            "script_language": "JAVASCRIPT",
            "status": "ENABLED",
            "tag": [],
            "type": "SCRIPT_API"
          },
          "sensitive_attributes": [],
          "private": "bnVsbA=="
        },
        {
          "index_key": "monitor002",
          "schema_version": 0,
          "attributes": {
            "account_id": 3931862,
            "device_orientation": null,
            "device_type": null,
            "enable_screenshot_on_failure_and_script": null,
            "guid": "MzkzMTg2MnxTWU5USHxNT05JVE9SfDQwNzg4NTEyLTUwODgtNGRkNC05YWNhLWYwMDU3ZDI5NmRmNQ",
            "id": "MzkzMTg2MnxTWU5USHxNT05JVE9SfDQwNzg4NTEyLTUwODgtNGRkNC05YWNhLWYwMDU3ZDI5NmRmNQ",
            "location_private": [],
            "locations_public": [
              "AP_EAST_1",
              "AP_SOUTH_1"
            ],
            "name": "script_monitor2",
            "period": "EVERY_6_HOURS",
            "period_in_minutes": 360,
            "runtime_type": "NODE_API",
            "runtime_type_version": "16.10",
            "script": "// Write a program to check if a person is eligible for voting? \r\n// Prompt user to provide his age and check if he is eligible for voting or not and show the message accordingly. \r\n\r\n\r\n// Prompt the user to enter their age\r\nvar age = prompt(\"Enter your age: \");\r\n\r\n  // Check if the person is eligible to vote\r\n  if (age \u003e= 18) {\r\n    console.log(\"You are eligible to vote!\");\r\n  } else {\r\n    console.log(\"You are not eligible to vote yet.\");\r\n  }\r\n\r\n",
            "script_language": "JAVASCRIPT",
            "status": "ENABLED",
            "tag": [],
            "type": "SCRIPT_API"
          },
          "sensitive_attributes": [],
          "private": "bnVsbA=="
        }
      ]
    },
    {
      "module": "module.monitor002",
      "mode": "managed",
      "type": "newrelic_synthetics_script_monitor",
      "name": "monitor007",
      "provider": "provider[\"registry.terraform.io/newrelic/newrelic\"]",
      "instances": [
        {
          "index_key": "monitor003",
          "schema_version": 0,
          "attributes": {
            "account_id": 3931862,
            "device_orientation": null,
            "device_type": null,
            "enable_screenshot_on_failure_and_script": false,
            "guid": "MzkzMTg2MnxTWU5USHxNT05JVE9SfGU4ZDE5OTYyLWViNTYtNDc5Ni1iZjczLTEwZGE0MWViM2ZhNQ",
            "id": "MzkzMTg2MnxTWU5USHxNT05JVE9SfGU4ZDE5OTYyLWViNTYtNDc5Ni1iZjczLTEwZGE0MWViM2ZhNQ",
            "location_private": [],
            "locations_public": [
              "AP_EAST_1",
              "AP_SOUTH_1"
            ],
            "name": "script_monitor3",
            "period": "EVERY_6_HOURS",
            "period_in_minutes": 360,
            "runtime_type": "NODE_API",
            "runtime_type_version": "16.10",
            "script": "// Write a function to find the maximum of two numbers. \r\n\r\nfunction Maximumnumber() {\r\n    var num1 = Number(prompt(\"Enter the first number:\"));\r\n    var num2 = Number(prompt(\"enter the second number:\"));\r\n    \r\n      if (num1 \u003e num2) {\r\n        return \"The maximum number is: \" + num1;\r\n        \r\n      } else if (num2 \u003e num1) {\r\n        return \"The maximum number is: \" + num2;\r\n        \r\n      } else {\r\n        return \"Both numbers are equal.\";\r\n      }\r\n    }\r\n\r\n    console.log(Maximumnumber());",
            "script_language": "JAVASCRIPT",
            "status": "ENABLED",
            "tag": [
              {
                "key": "some_key",
                "values": [
                  "some_value"
                ]
              }
            ],
            "type": "SCRIPT_API"
          },
          "sensitive_attributes": [],
          "private": "bnVsbA=="
        },
        {
          "index_key": "monitor004",
          "schema_version": 0,
          "attributes": {
            "account_id": 3931862,
            "device_orientation": null,
            "device_type": null,
            "enable_screenshot_on_failure_and_script": false,
            "guid": "MzkzMTg2MnxTWU5USHxNT05JVE9SfDY0NzdkOTMyLTMyN2MtNDFjOS1hZDBmLTJkMDI4ZWYwNGFlNg",
            "id": "MzkzMTg2MnxTWU5USHxNT05JVE9SfDY0NzdkOTMyLTMyN2MtNDFjOS1hZDBmLTJkMDI4ZWYwNGFlNg",
            "location_private": [],
            "locations_public": [
              "AP_EAST_1",
              "AP_SOUTH_1"
            ],
            "name": "script_monitor4",
            "period": "EVERY_6_HOURS",
            "period_in_minutes": 360,
            "runtime_type": "NODE_API",
            "runtime_type_version": "16.10",
            "script": "// Write a function to find the maximum of two numbers. \r\n\r\nfunction Maximumnumber() {\r\n    var num1 = Number(prompt(\"Enter the first number:\"));\r\n    var num2 = Number(prompt(\"enter the second number:\"));\r\n    \r\n      if (num1 \u003e num2) {\r\n        return \"The maximum number is: \" + num1;\r\n        \r\n      } else if (num2 \u003e num1) {\r\n        return \"The maximum number is: \" + num2;\r\n        \r\n      } else {\r\n        return \"Both numbers are equal.\";\r\n      }\r\n    }\r\n\r\n    console.log(Maximumnumber());",
            "script_language": "JAVASCRIPT",
            "status": "ENABLED",
            "tag": [
              {
                "key": "some_key",
                "values": [
                  "some_value"
                ]
              }
            ],
            "type": "SCRIPT_API"
          },
          "sensitive_attributes": [],
          "private": "bnVsbA=="
        }
      ]
    }
  ],
  "check_results": null
}
