{
  "version": 4,
  "terraform_version": "1.3.9",
  "serial": 24,
  "lineage": "b7af44d1-4d6a-6ff8-8bf4-c8c57e3de77a",
  "outputs": {},
  "resources": [
    {
      "mode": "managed",
      "type": "newrelic_alert_policy",
      "name": "policy1",
      "provider": "provider[\"registry.terraform.io/newrelic/newrelic\"]",
      "instances": [
        {
          "schema_version": 0,
          "attributes": {
            "account_id": 3931862,
            "channel_ids": null,
            "id": "4583328",
            "incident_preference": "PER_POLICY",
            "name": "foo"
          },
          "sensitive_attributes": [],
          "private": "bnVsbA=="
        }
      ]
    },
    {
      "mode": "managed",
      "type": "newrelic_notification_channel",
      "name": "foo",
      "provider": "provider[\"registry.terraform.io/newrelic/newrelic\"]",
      "instances": [
        {
          "index_key": "val2",
          "schema_version": 0,
          "attributes": {
            "account_id": 3931862,
            "active": true,
            "destination_id": "bf77dde6-013a-476f-ba14-dab12951b701",
            "id": "fa10afbe-1f33-4c1b-913c-27623d7772c5",
            "name": "slack-example",
            "product": "IINT",
            "property": [
              {
                "display_value": "",
                "key": "channelId",
                "label": "",
                "value": "C05KB2N9HT9"
              },
              {
                "display_value": "",
                "key": "customDetailsSlack",
                "label": "",
                "value": "issue id - {{issueId}}"
              },
              {
                "display_value": "",
                "key": "source",
                "label": "terraform-source-internal",
                "value": "terraform"
              }
            ],
            "status": "DEFAULT",
            "type": "SLACK"
          },
          "sensitive_attributes": [],
          "private": "bnVsbA=="
        }
      ]
    },
    {
      "mode": "managed",
      "type": "newrelic_nrql_alert_condition",
      "name": "foo",
      "provider": "provider[\"registry.terraform.io/newrelic/newrelic\"]",
      "instances": [
        {
          "index_key": "val1",
          "schema_version": 0,
          "attributes": {
            "account_id": 3931862,
            "aggregation_delay": "120",
            "aggregation_method": "event_flow",
            "aggregation_timer": null,
            "aggregation_window": 60,
            "baseline_direction": null,
            "close_violations_on_expiration": true,
            "critical": [
              {
                "duration": 0,
                "operator": "above",
                "threshold": 5.5,
                "threshold_duration": 300,
                "threshold_occurrences": "all",
                "time_function": ""
              }
            ],
            "description": "Alert when transactions are taking too long",
            "enabled": true,
            "entity_guid": "MzkzMTg2MnxBSU9QU3xDT05ESVRJT058MzU2MTUyOTg",
            "evaluation_delay": null,
            "expiration_duration": 120,
            "fill_option": "static",
            "fill_value": 1,
            "id": "4583328:35615298",
            "name": "foo",
            "nrql": [
              {
                "evaluation_offset": 0,
                "query": "SELECT latest(host.disk.usedPercent) as 'Used %' FROM Metric FACET device WHERE `entityGuid` = 'MzkzMTg2MnxJTkZSQXxOQXw2ODI5NTY5OTYwNDkwMzc2NTYw'",
                "since_value": ""
              }
            ],
            "open_violation_on_expiration": true,
            "policy_id": 4583328,
            "runbook_url": "https://www.example.com",
            "slide_by": 30,
            "term": [],
            "timeouts": null,
            "type": "static",
            "violation_time_limit": "ONE_HOUR",
            "violation_time_limit_seconds": 3600,
            "warning": [
              {
                "duration": 0,
                "operator": "above",
                "threshold": 3.5,
                "threshold_duration": 600,
                "threshold_occurrences": "all",
                "time_function": ""
              }
            ]
          },
          "sensitive_attributes": [],
          "private": "eyJlMmJmYjczMC1lY2FhLTExZTYtOGY4OC0zNDM2M2JjN2M0YzAiOnsiY3JlYXRlIjozMDAwMDAwMDAwMH19",
          "dependencies": [
            "newrelic_alert_policy.policy1"
          ]
        }
      ]
    },
    {
      "mode": "managed",
      "type": "newrelic_workflow",
      "name": "workflow",
      "provider": "provider[\"registry.terraform.io/newrelic/newrelic\"]",
      "instances": [
        {
          "index_key": "val3",
          "schema_version": 1,
          "attributes": {
            "account_id": 3931862,
            "destination": [
              {
                "channel_id": "fa10afbe-1f33-4c1b-913c-27623d7772c5",
                "name": "slack-example",
                "notification_triggers": [
                  "ACKNOWLEDGED",
                  "ACTIVATED",
                  "CLOSED"
                ],
                "type": "SLACK"
              }
            ],
            "destinations_enabled": true,
            "enabled": true,
            "enrichments": [],
            "enrichments_enabled": true,
            "guid": "MzkzMTg2MnxBSU9QU3xXT1JLRkxPV3wyN2YzMDAyMi02NDQxLTRiNzYtOTI0ZC0zYWJmNDU0ODU2ZTk",
            "id": "27f30022-6441-4b76-924d-3abf454856e9",
            "issues_filter": [
              {
                "filter_id": "17efada7-ab4b-4c30-980d-1bbff018d09b",
                "name": "filter-name",
                "predicate": [
                  {
                    "attribute": "labels.policyIds",
                    "operator": "EXACTLY_MATCHES",
                    "values": [
                      "newrelic_alert_policy.policy1.id"
                    ]
                  }
                ],
                "type": "FILTER"
              }
            ],
            "last_run": "",
            "muting_rules_handling": "NOTIFY_ALL_ISSUES",
            "name": "slack_workflow",
            "workflow_id": "27f30022-6441-4b76-924d-3abf454856e9"
          },
          "sensitive_attributes": [],
          "private": "eyJzY2hlbWFfdmVyc2lvbiI6IjEifQ==",
          "dependencies": [
            "newrelic_notification_channel.foo"
          ]
        }
      ]
    }
  ],
  "check_results": null
}
