{
  "version": 4,
  "terraform_version": "1.3.9",
  "serial": 10,
  "lineage": "0e2644c4-f0c1-1172-1253-b5d2d2c31011",
  "outputs": {},
  "resources": [
    {
      "mode": "managed",
      "type": "newrelic_workload",
      "name": "workload",
      "provider": "provider[\"registry.terraform.io/newrelic/newrelic\"]",
      "instances": [
        {
          "schema_version": 0,
          "attributes": {
            "account_id": 3931862,
            "composite_entity_search_query": "(accountId IN ('3931862')) AND ((name like '%Example application%')) AND id != 'MzkzMTg2MnxOUjF8V09SS0xPQUR8MTcwMzc3'",
            "description": "Description",
            "entity_guids": [
              "MjUyMDUyOHxBUE18QVBQTElDQVRJT058MjE1MDM3Nzk1"
            ],
            "entity_search_query": [
              {
                "query": "name like '%Example application%'"
              }
            ],
            "guid": "MzkzMTg2MnxOUjF8V09SS0xPQUR8MTcwMzc3",
            "id": "3931862:170377:MzkzMTg2MnxOUjF8V09SS0xPQUR8MTcwMzc3",
            "name": "Example workload",
            "permalink": "https://one.newrelic.com/redirect/entity/MzkzMTg2MnxOUjF8V09SS0xPQUR8MTcwMzc3",
            "scope_account_ids": [
              3931862
            ],
            "status_config_automatic": [
              {
                "enabled": true,
                "remaining_entities_rule": [
                  {
                    "remaining_entities_rule_rollup": [
                      {
                        "group_by": "ENTITY_TYPE",
                        "strategy": "BEST_STATUS_WINS",
                        "threshold_type": "FIXED",
                        "threshold_value": 100
                      }
                    ]
                  }
                ],
                "rule": [
                  {
                    "entity_guids": [
                      "MjUyMDUyOHxBUE18QVBQTElDQVRJT058MjE1MDM3Nzk1"
                    ],
                    "nrql_query": [
                      {
                        "query": "name like '%Example application2%'"
                      }
                    ],
                    "rollup": [
                      {
                        "strategy": "BEST_STATUS_WINS",
                        "threshold_type": "FIXED",
                        "threshold_value": 100
                      }
                    ]
                  }
                ]
              }
            ],
            "status_config_static": [],
            "workload_id": 170377
          },
          "sensitive_attributes": [],
          "private": "bnVsbA=="
        }
      ]
    }
  ],
  "check_results": null
}
